<?xml version="1.0" encoding="utf-8"?>
<Project ToolsVersion="4.0" xmlns="http://schemas.microsoft.com/developer/msbuild/2003">
  <ItemGroup>
    <Filter Include="core">
      <UniqueIdentifier>{4E40957C-3A77-960D-E363-7C10CF79120F}</UniqueIdentifier>
    </Filter>
    <Filter Include="core\editor">
      <UniqueIdentifier>{E46D1369-5023-8C5E-D917-863545CC8262}</UniqueIdentifier>
    </Filter>
    <Filter Include="core\events">
      <UniqueIdentifier>{92DC566A-FE91-CF5F-8786-C936F33AC663}</UniqueIdentifier>
    </Filter>
    <Filter Include="core\input">
      <UniqueIdentifier>{ED821051-D93A-529E-4242-2BFA2E19ED8E}</UniqueIdentifier>
    </Filter>
    <Filter Include="core\log">
      <UniqueIdentifier>{3F57D44A-2B24-2F56-543D-1DFE406964E4}</UniqueIdentifier>
    </Filter>
    <Filter Include="platform">
      <UniqueIdentifier>{4A63C33C-3630-1E48-5F49-0CF04B7553D6}</UniqueIdentifier>
    </Filter>
    <Filter Include="platform\windows">
      <UniqueIdentifier>{A44FC440-9048-E392-B97A-C817A5D2C29E}</UniqueIdentifier>
    </Filter>
  </ItemGroup>
  <ItemGroup>
    <ClInclude Include="src\IrisEngine.h" />
    <ClInclude Include="src\core\IRlauncher.h">
      <Filter>core</Filter>
    </ClInclude>
    <ClInclude Include="src\core\core.h">
      <Filter>core</Filter>
    </ClInclude>
    <ClInclude Include="src\core\editor\editor_interface.h">
      <Filter>core\editor</Filter>
    </ClInclude>
    <ClInclude Include="src\core\entry_point.h">
      <Filter>core</Filter>
    </ClInclude>
    <ClInclude Include="src\core\events\ApplicationEvent.h">
      <Filter>core\events</Filter>
    </ClInclude>
    <ClInclude Include="src\core\events\KeyEvents.h">
      <Filter>core\events</Filter>
    </ClInclude>
    <ClInclude Include="src\core\events\MouseEvents.h">
      <Filter>core\events</Filter>
    </ClInclude>
    <ClInclude Include="src\core\events\event.h">
      <Filter>core\events</Filter>
    </ClInclude>
    <ClInclude Include="src\core\input\input.h">
      <Filter>core\input</Filter>
    </ClInclude>
    <ClInclude Include="src\core\input\keycodes.h">
      <Filter>core\input</Filter>
    </ClInclude>
    <ClInclude Include="src\core\input\mouse_button_codes.h">
      <Filter>core\input</Filter>
    </ClInclude>
    <ClInclude Include="src\core\layerStack.h">
      <Filter>core</Filter>
    </ClInclude>
    <ClInclude Include="src\core\layers.h">
      <Filter>core</Filter>
    </ClInclude>
    <ClInclude Include="src\core\log\log.h">
      <Filter>core\log</Filter>
    </ClInclude>
    <ClInclude Include="src\irpch.h" />
    <ClInclude Include="src\platform\windows\winInput.h">
      <Filter>platform\windows</Filter>
    </ClInclude>
    <ClInclude Include="src\platform\pi_interface.h">
      <Filter>platform\windows</Filter>
    </ClInclude>
    <ClInclude Include="src\core\servers\rendering\renderer\graphics_context.h" />
    <ClInclude Include="src\core\drivers\OpenGL\opengl_context.h" />
    <ClInclude Include="src\platform\windows\windows.h" />
    <ClInclude Include="src\core\drivers\OpenGL\opengl_buffer.h" />
    <ClInclude Include="src\core\servers\rendering\renderer\buffers.h" />
    <ClInclude Include="src\core\servers\rendering\renderer\renderer_rd.h" />
  </ItemGroup>
  <ItemGroup>
    <ClCompile Include="src\core\IRlauncher.cpp">
      <Filter>core</Filter>
    </ClCompile>
    <ClCompile Include="src\core\editor\UIbuild.cpp">
      <Filter>core\editor</Filter>
    </ClCompile>
    <ClCompile Include="src\core\editor\editor_interface.cpp">
      <Filter>core\editor</Filter>
    </ClCompile>
    <ClCompile Include="src\core\layerStack.cpp">
      <Filter>core</Filter>
    </ClCompile>
    <ClCompile Include="src\core\layers.cpp">
      <Filter>core</Filter>
    </ClCompile>
    <ClCompile Include="src\core\log\log.cpp">
      <Filter>core\log</Filter>
    </ClCompile>
    <ClCompile Include="src\irpch.cpp" />
    <ClCompile Include="src\platform\windows\winInput.cpp">
      <Filter>platform\windows</Filter>
    </ClCompile>
    <ClCompile Include="src\platform\windows\windows.cpp">
      <Filter>platform\windows</Filter>
    </ClCompile>
    <ClCompile Include="src\core\drivers\OpenGL\opengl_context.cpp" />
    <ClCompile Include="src\core\drivers\OpenGL\opengl_buffer.cpp" />
    <ClCompile Include="src\core\servers\rendering\renderer\buffers.cpp" />
    <ClCompile Include="src\core\servers\rendering\renderer\renderer_rd.cpp" />
  </ItemGroup>
</Project>